// !$*UTF8*$!
{
	archiveVersion = 1;
	classes = {
	};
	objectVersion = 55;
	objects = {

/* Begin PBXBuildFile section */
		9231DBB429D611AB000D8E87 /* AppDelegate.swift in Sources */ = {isa = PBXBuildFile; fileRef = 9231DBB329D611AB000D8E87 /* AppDelegate.swift */; };
		9231DBB629D611AB000D8E87 /* SceneDelegate.swift in Sources */ = {isa = PBXBuildFile; fileRef = 9231DBB529D611AB000D8E87 /* SceneDelegate.swift */; };
		9231DBB829D611AB000D8E87 /* ViewController.swift in Sources */ = {isa = PBXBuildFile; fileRef = 9231DBB729D611AB000D8E87 /* ViewController.swift */; };
		9231DBBB29D611AB000D8E87 /* Main.storyboard in Resources */ = {isa = PBXBuildFile; fileRef = 9231DBB929D611AB000D8E87 /* Main.storyboard */; };
		9231DBBD29D611AB000D8E87 /* Assets.xcassets in Resources */ = {isa = PBXBuildFile; fileRef = 9231DBBC29D611AB000D8E87 /* Assets.xcassets */; };
		9231DBC029D611AB000D8E87 /* LaunchScreen.storyboard in Resources */ = {isa = PBXBuildFile; fileRef = 9231DBBE29D611AB000D8E87 /* LaunchScreen.storyboard */; };
		9231DBCB29D611AB000D8E87 /* F7Tests.swift in Sources */ = {isa = PBXBuildFile; fileRef = 9231DBCA29D611AB000D8E87 /* F7Tests.swift */; };
		9231DBD529D611AB000D8E87 /* F7UITests.swift in Sources */ = {isa = PBXBuildFile; fileRef = 9231DBD429D611AB000D8E87 /* F7UITests.swift */; };
		9231DBD729D611AB000D8E87 /* F7UITestsLaunchTests.swift in Sources */ = {isa = PBXBuildFile; fileRef = 9231DBD629D611AB000D8E87 /* F7UITestsLaunchTests.swift */; };
/* End PBXBuildFile section */

/* Begin PBXContainerItemProxy section */
		9231DBC729D611AB000D8E87 /* PBXContainerItemProxy */ = {
			isa = PBXContainerItemProxy;
			containerPortal = 9231DBA829D611AA000D8E87 /* Project object */;
			proxyType = 1;
			remoteGlobalIDString = 9231DBAF29D611AB000D8E87;
			remoteInfo = F7;
		};
		9231DBD129D611AB000D8E87 /* PBXContainerItemProxy */ = {
			isa = PBXContainerItemProxy;
			containerPortal = 9231DBA829D611AA000D8E87 /* Project object */;
			proxyType = 1;
			remoteGlobalIDString = 9231DBAF29D611AB000D8E87;
			remoteInfo = F7;
		};
/* End PBXContainerItemProxy section */

/* Begin PBXFileReference section */
		9231DBB029D611AB000D8E87 /* F7.app */ = {isa = PBXFileReference; explicitFileType = wrapper.application; includeInIndex = 0; path = F7.app; sourceTree = BUILT_PRODUCTS_DIR; };
		9231DBB329D611AB000D8E87 /* AppDelegate.swift */ = {isa = PBXFileReference; lastKnownFileType = sourcecode.swift; path = AppDelegate.swift; sourceTree = "<group>"; };
		9231DBB529D611AB000D8E87 /* SceneDelegate.swift */ = {isa = PBXFileReference; lastKnownFileType = sourcecode.swift; path = SceneDelegate.swift; sourceTree = "<group>"; };
		9231DBB729D611AB000D8E87 /* ViewController.swift */ = {isa = PBXFileReference; lastKnownFileType = sourcecode.swift; path = ViewController.swift; sourceTree = "<group>"; };
		9231DBBA29D611AB000D8E87 /* Base */ = {isa = PBXFileReference; lastKnownFileType = file.storyboard; name = Base; path = Base.lproj/Main.storyboard; sourceTree = "<group>"; };
		9231DBBC29D611AB000D8E87 /* Assets.xcassets */ = {isa = PBXFileReference; lastKnownFileType = folder.assetcatalog; path = Assets.xcassets; sourceTree = "<group>"; };
		9231DBBF29D611AB000D8E87 /* Base */ = {isa = PBXFileReference; lastKnownFileType = file.storyboard; name = Base; path = Base.lproj/LaunchScreen.storyboard; sourceTree = "<group>"; };
		9231DBC129D611AB000D8E87 /* Info.plist */ = {isa = PBXFileReference; lastKnownFileType = text.plist.xml; path = Info.plist; sourceTree = "<group>"; };
		9231DBC629D611AB000D8E87 /* F7Tests.xctest */ = {isa = PBXFileReference; explicitFileType = wrapper.cfbundle; includeInIndex = 0; path = F7Tests.xctest; sourceTree = BUILT_PRODUCTS_DIR; };
		9231DBCA29D611AB000D8E87 /* F7Tests.swift */ = {isa = PBXFileReference; lastKnownFileType = sourcecode.swift; path = F7Tests.swift; sourceTree = "<group>"; };
		9231DBD029D611AB000D8E87 /* F7UITests.xctest */ = {isa = PBXFileReference; explicitFileType = wrapper.cfbundle; includeInIndex = 0; path = F7UITests.xctest; sourceTree = BUILT_PRODUCTS_DIR; };
		9231DBD429D611AB000D8E87 /* F7UITests.swift */ = {isa = PBXFileReference; lastKnownFileType = sourcecode.swift; path = F7UITests.swift; sourceTree = "<group>"; };
		9231DBD629D611AB000D8E87 /* F7UITestsLaunchTests.swift */ = {isa = PBXFileReference; lastKnownFileType = sourcecode.swift; path = F7UITestsLaunchTests.swift; sourceTree = "<group>"; };
/* End PBXFileReference section */

/* Begin PBXFrameworksBuildPhase section */
		9231DBAD29D611AB000D8E87 /* Frameworks */ = {
			isa = PBXFrameworksBuildPhase;
			buildActionMask = 2147483647;
			files = (
			);
			runOnlyForDeploymentPostprocessing = 0;
		};
		9231DBC329D611AB000D8E87 /* Frameworks */ = {
			isa = PBXFrameworksBuildPhase;
			buildActionMask = 2147483647;
			files = (
			);
			runOnlyForDeploymentPostprocessing = 0;
		};
		9231DBCD29D611AB000D8E87 /* Frameworks */ = {
			isa = PBXFrameworksBuildPhase;
			buildActionMask = 2147483647;
			files = (
			);
			runOnlyForDeploymentPostprocessing = 0;
		};
/* End PBXFrameworksBuildPhase section */

/* Begin PBXGroup section */
		9231DBA729D611AA000D8E87 = {
			isa = PBXGroup;
			children = (
				9231DBB229D611AB000D8E87 /* F7 */,
				9231DBC929D611AB000D8E87 /* F7Tests */,
				9231DBD329D611AB000D8E87 /* F7UITests */,
				9231DBB129D611AB000D8E87 /* Products */,
			);
			sourceTree = "<group>";
		};
		9231DBB129D611AB000D8E87 /* Products */ = {
			isa = PBXGroup;
			children = (
				9231DBB029D611AB000D8E87 /* F7.app */,
				9231DBC629D611AB000D8E87 /* F7Tests.xctest */,
				9231DBD029D611AB000D8E87 /* F7UITests.xctest */,
			);
			name = Products;
			sourceTree = "<group>";
		};
		9231DBB229D611AB000D8E87 /* F7 */ = {
			isa = PBXGroup;
			children = (
				9231DBB329D611AB000D8E87 /* AppDelegate.swift */,
				9231DBB529D611AB000D8E87 /* SceneDelegate.swift */,
				9231DBB729D611AB000D8E87 /* ViewController.swift */,
				9231DBB929D611AB000D8E87 /* Main.storyboard */,
				9231DBBC29D611AB000D8E87 /* Assets.xcassets */,
				9231DBBE29D611AB000D8E87 /* LaunchScreen.storyboard */,
				9231DBC129D611AB000D8E87 /* Info.plist */,
			);
			path = F7;
			sourceTree = "<group>";
		};
		9231DBC929D611AB000D8E87 /* F7Tests */ = {
			isa = PBXGroup;
			children = (
				9231DBCA29D611AB000D8E87 /* F7Tests.swift */,
			);
			path = F7Tests;
			sourceTree = "<group>";
		};
		9231DBD329D611AB000D8E87 /* F7UITests */ = {
			isa = PBXGroup;
			children = (
				9231DBD429D611AB000D8E87 /* F7UITests.swift */,
				9231DBD629D611AB000D8E87 /* F7UITestsLaunchTests.swift */,
			);
			path = F7UITests;
			sourceTree = "<group>";
		};
/* End PBXGroup section */

/* Begin PBXNativeTarget section */
		9231DBAF29D611AB000D8E87 /* F7 */ = {
			isa = PBXNativeTarget;
			buildConfigurationList = 9231DBDA29D611AB000D8E87 /* Build configuration list for PBXNativeTarget "F7" */;
			buildPhases = (
				9231DBAC29D611AB000D8E87 /* Sources */,
				9231DBAD29D611AB000D8E87 /* Frameworks */,
				9231DBAE29D611AB000D8E87 /* Resources */,
			);
			buildRules = (
			);
			dependencies = (
			);
			name = F7;
			productName = F7;
			productReference = 9231DBB029D611AB000D8E87 /* F7.app */;
			productType = "com.apple.product-type.application";
		};
		9231DBC529D611AB000D8E87 /* F7Tests */ = {
			isa = PBXNativeTarget;
			buildConfigurationList = 9231DBDD29D611AB000D8E87 /* Build configuration list for PBXNativeTarget "F7Tests" */;
			buildPhases = (
				9231DBC229D611AB000D8E87 /* Sources */,
				9231DBC329D611AB000D8E87 /* Frameworks */,
				9231DBC429D611AB000D8E87 /* Resources */,
			);
			buildRules = (
			);
			dependencies = (
				9231DBC829D611AB000D8E87 /* PBXTargetDependency */,
			);
			name = F7Tests;
			productName = F7Tests;
			productReference = 9231DBC629D611AB000D8E87 /* F7Tests.xctest */;
			productType = "com.apple.product-type.bundle.unit-test";
		};
		9231DBCF29D611AB000D8E87 /* F7UITests */ = {
			isa = PBXNativeTarget;
			buildConfigurationList = 9231DBE029D611AB000D8E87 /* Build configuration list for PBXNativeTarget "F7UITests" */;
			buildPhases = (
				9231DBCC29D611AB000D8E87 /* Sources */,
				9231DBCD29D611AB000D8E87 /* Frameworks */,
				9231DBCE29D611AB000D8E87 /* Resources */,
			);
			buildRules = (
			);
			dependencies = (
				9231DBD229D611AB000D8E87 /* PBXTargetDependency */,
			);
			name = F7UITests;
			productName = F7UITests;
			productReference = 9231DBD029D611AB000D8E87 /* F7UITests.xctest */;
			productType = "com.apple.product-type.bundle.ui-testing";
		};
/* End PBXNativeTarget section */

/* Begin PBXProject section */
		9231DBA829D611AA000D8E87 /* Project object */ = {
			isa = PBXProject;
			attributes = {
				BuildIndependentTargetsInParallel = 1;
				LastSwiftUpdateCheck = 1320;
				LastUpgradeCheck = 1320;
				TargetAttributes = {
					9231DBAF29D611AB000D8E87 = {
						CreatedOnToolsVersion = 13.2.1;
					};
					9231DBC529D611AB000D8E87 = {
						CreatedOnToolsVersion = 13.2.1;
						TestTargetID = 9231DBAF29D611AB000D8E87;
					};
					9231DBCF29D611AB000D8E87 = {
						CreatedOnToolsVersion = 13.2.1;
						TestTargetID = 9231DBAF29D611AB000D8E87;
					};
				};
			};
			buildConfigurationList = 9231DBAB29D611AA000D8E87 /* Build configuration list for PBXProject "F7" */;
			compatibilityVersion = "Xcode 13.0";
			developmentRegion = en;
			hasScannedForEncodings = 0;
			knownRegions = (
				en,
				Base,
			);
			mainGroup = 9231DBA729D611AA000D8E87;
			productRefGroup = 9231DBB129D611AB000D8E87 /* Products */;
			projectDirPath = "";
			projectRoot = "";
			targets = (
				9231DBAF29D611AB000D8E87 /* F7 */,
				9231DBC529D611AB000D8E87 /* F7Tests */,
				9231DBCF29D611AB000D8E87 /* F7UITests */,
			);
		};
/* End PBXProject section */

/* Begin PBXResourcesBuildPhase section */
		9231DBAE29D611AB000D8E87 /* Resources */ = {
			isa = PBXResourcesBuildPhase;
			buildActionMask = 2147483647;
			files = (
				9231DBC029D611AB000D8E87 /* LaunchScreen.storyboard in Resources */,
				9231DBBD29D611AB000D8E87 /* Assets.xcassets in Resources */,
				9231DBBB29D611AB000D8E87 /* Main.storyboard in Resources */,
			);
			runOnlyForDeploymentPostprocessing = 0;
		};
		9231DBC429D611AB000D8E87 /* Resources */ = {
			isa = PBXResourcesBuildPhase;
			buildActionMask = 2147483647;
			files = (
			);
			runOnlyForDeploymentPostprocessing = 0;
		};
		9231DBCE29D611AB000D8E87 /* Resources */ = {
			isa = PBXResourcesBuildPhase;
			buildActionMask = 2147483647;
			files = (
			);
			runOnlyForDeploymentPostprocessing = 0;
		};
/* End PBXResourcesBuildPhase section */

/* Begin PBXSourcesBuildPhase section */
		9231DBAC29D611AB000D8E87 /* Sources */ = {
			isa = PBXSourcesBuildPhase;
			buildActionMask = 2147483647;
			files = (
				9231DBB829D611AB000D8E87 /* ViewController.swift in Sources */,
				9231DBB429D611AB000D8E87 /* AppDelegate.swift in Sources */,
				9231DBB629D611AB000D8E87 /* SceneDelegate.swift in Sources */,
			);
			runOnlyForDeploymentPostprocessing = 0;
		};
		9231DBC229D611AB000D8E87 /* Sources */ = {
			isa = PBXSourcesBuildPhase;
			buildActionMask = 2147483647;
			files = (
				9231DBCB29D611AB000D8E87 /* F7Tests.swift in Sources */,
			);
			runOnlyForDeploymentPostprocessing = 0;
		};
		9231DBCC29D611AB000D8E87 /* Sources */ = {
			isa = PBXSourcesBuildPhase;
			buildActionMask = 2147483647;
			files = (
				9231DBD529D611AB000D8E87 /* F7UITests.swift in Sources */,
				9231DBD729D611AB000D8E87 /* F7UITestsLaunchTests.swift in Sources */,
			);
			runOnlyForDeploymentPostprocessing = 0;
		};
/* End PBXSourcesBuildPhase section */

/* Begin PBXTargetDependency section */
		9231DBC829D611AB000D8E87 /* PBXTargetDependency */ = {
			isa = PBXTargetDependency;
			target = 9231DBAF29D611AB000D8E87 /* F7 */;
			targetProxy = 9231DBC729D611AB000D8E87 /* PBXContainerItemProxy */;
		};
		9231DBD229D611AB000D8E87 /* PBXTargetDependency */ = {
			isa = PBXTargetDependency;
			target = 9231DBAF29D611AB000D8E87 /* F7 */;
			targetProxy = 9231DBD129D611AB000D8E87 /* PBXContainerItemProxy */;
		};
/* End PBXTargetDependency section */

/* Begin PBXVariantGroup section */
		9231DBB929D611AB000D8E87 /* Main.storyboard */ = {
			isa = PBXVariantGroup;
			children = (
				9231DBBA29D611AB000D8E87 /* Base */,
			);
			name = Main.storyboard;
			sourceTree = "<group>";
		};
		9231DBBE29D611AB000D8E87 /* LaunchScreen.storyboard */ = {
			isa = PBXVariantGroup;
			children = (
				9231DBBF29D611AB000D8E87 /* Base */,
			);
			name = LaunchScreen.storyboard;
			sourceTree = "<group>";
		};
/* End PBXVariantGroup section */

/* Begin XCBuildConfiguration section */
		9231DBD829D611AB000D8E87 /* Debug */ = {
			isa = XCBuildConfiguration;
			buildSettings = {
				ALWAYS_SEARCH_USER_PATHS = NO;
				CLANG_ANALYZER_NONNULL = YES;
				CLANG_ANALYZER_NUMBER_OBJECT_CONVERSION = YES_AGGRESSIVE;
				CLANG_CXX_LANGUAGE_STANDARD = "gnu++17";
				CLANG_CXX_LIBRARY = "libc++";
				CLANG_ENABLE_MODULES = YES;
				CLANG_ENABLE_OBJC_ARC = YES;
				CLANG_ENABLE_OBJC_WEAK = YES;
				CLANG_WARN_BLOCK_CAPTURE_AUTORELEASING = YES;
				CLANG_WARN_BOOL_CONVERSION = YES;
				CLANG_WARN_COMMA = YES;
				CLANG_WARN_CONSTANT_CONVERSION = YES;
				CLANG_WARN_DEPRECATED_OBJC_IMPLEMENTATIONS = YES;
				CLANG_WARN_DIRECT_OBJC_ISA_USAGE = YES_ERROR;
				CLANG_WARN_DOCUMENTATION_COMMENTS = YES;
				CLANG_WARN_EMPTY_BODY = YES;
				CLANG_WARN_ENUM_CONVERSION = YES;
				CLANG_WARN_INFINITE_RECURSION = YES;
				CLANG_WARN_INT_CONVERSION = YES;
				CLANG_WARN_NON_LITERAL_NULL_CONVERSION = YES;
				CLANG_WARN_OBJC_IMPLICIT_RETAIN_SELF = YES;
				CLANG_WARN_OBJC_LITERAL_CONVERSION = YES;
				CLANG_WARN_OBJC_ROOT_CLASS = YES_ERROR;
				CLANG_WARN_QUOTED_INCLUDE_IN_FRAMEWORK_HEADER = YES;
				CLANG_WARN_RANGE_LOOP_ANALYSIS = YES;
				CLANG_WARN_STRICT_PROTOTYPES = YES;
				CLANG_WARN_SUSPICIOUS_MOVE = YES;
				CLANG_WARN_UNGUARDED_AVAILABILITY = YES_AGGRESSIVE;
				CLANG_WARN_UNREACHABLE_CODE = YES;
				CLANG_WARN__DUPLICATE_METHOD_MATCH = YES;
				COPY_PHASE_STRIP = NO;
				DEBUG_INFORMATION_FORMAT = dwarf;
				ENABLE_STRICT_OBJC_MSGSEND = YES;
				ENABLE_TESTABILITY = YES;
				GCC_C_LANGUAGE_STANDARD = gnu11;
				GCC_DYNAMIC_NO_PIC = NO;
				GCC_NO_COMMON_BLOCKS = YES;
				GCC_OPTIMIZATION_LEVEL = 0;
				GCC_PREPROCESSOR_DEFINITIONS = (
					"DEBUG=1",
					"$(inherited)",
				);
				GCC_WARN_64_TO_32_BIT_CONVERSION = YES;
				GCC_WARN_ABOUT_RETURN_TYPE = YES_ERROR;
				GCC_WARN_UNDECLARED_SELECTOR = YES;
				GCC_WARN_UNINITIALIZED_AUTOS = YES_AGGRESSIVE;
				GCC_WARN_UNUSED_FUNCTION = YES;
				GCC_WARN_UNUSED_VARIABLE = YES;
				IPHONEOS_DEPLOYMENT_TARGET = 15.2;
				MTL_ENABLE_DEBUG_INFO = INCLUDE_SOURCE;
				MTL_FAST_MATH = YES;
				ONLY_ACTIVE_ARCH = YES;
				SDKROOT = iphoneos;
				SWIFT_ACTIVE_COMPILATION_CONDITIONS = DEBUG;
				SWIFT_OPTIMIZATION_LEVEL = "-Onone";
			};
			name = Debug;
		};
		9231DBD929D611AB000D8E87 /* Release */ = {
			isa = XCBuildConfiguration;
			buildSettings = {
				ALWAYS_SEARCH_USER_PATHS = NO;
				CLANG_ANALYZER_NONNULL = YES;
				CLANG_ANALYZER_NUMBER_OBJECT_CONVERSION = YES_AGGRESSIVE;
				CLANG_CXX_LANGUAGE_STANDARD = "gnu++17";
				CLANG_CXX_LIBRARY = "libc++";
				CLANG_ENABLE_MODULES = YES;
				CLANG_ENABLE_OBJC_ARC = YES;
				CLANG_ENABLE_OBJC_WEAK = YES;
				CLANG_WARN_BLOCK_CAPTURE_AUTORELEASING = YES;
				CLANG_WARN_BOOL_CONVERSION = YES;
				CLANG_WARN_COMMA = YES;
				CLANG_WARN_CONSTANT_CONVERSION = YES;
				CLANG_WARN_DEPRECATED_OBJC_IMPLEMENTATIONS = YES;
				CLANG_WARN_DIRECT_OBJC_ISA_USAGE = YES_ERROR;
				CLANG_WARN_DOCUMENTATION_COMMENTS = YES;
				CLANG_WARN_EMPTY_BODY = YES;
				CLANG_WARN_ENUM_CONVERSION = YES;
				CLANG_WARN_INFINITE_RECURSION = YES;
				CLANG_WARN_INT_CONVERSION = YES;
				CLANG_WARN_NON_LITERAL_NULL_CONVERSION = YES;
				CLANG_WARN_OBJC_IMPLICIT_RETAIN_SELF = YES;
				CLANG_WARN_OBJC_LITERAL_CONVERSION = YES;
				CLANG_WARN_OBJC_ROOT_CLASS = YES_ERROR;
				CLANG_WARN_QUOTED_INCLUDE_IN_FRAMEWORK_HEADER = YES;
				CLANG_WARN_RANGE_LOOP_ANALYSIS = YES;
				CLANG_WARN_STRICT_PROTOTYPES = YES;
				CLANG_WARN_SUSPICIOUS_MOVE = YES;
				CLANG_WARN_UNGUARDED_AVAILABILITY = YES_AGGRESSIVE;
				CLANG_WARN_UNREACHABLE_CODE = YES;
				CLANG_WARN__DUPLICATE_METHOD_MATCH = YES;
				COPY_PHASE_STRIP = NO;
				DEBUG_INFORMATION_FORMAT = "dwarf-with-dsym";
				ENABLE_NS_ASSERTIONS = NO;
				ENABLE_STRICT_OBJC_MSGSEND = YES;
				GCC_C_LANGUAGE_STANDARD = gnu11;
				GCC_NO_COMMON_BLOCKS = YES;
				GCC_WARN_64_TO_32_BIT_CONVERSION = YES;
				GCC_WARN_ABOUT_RETURN_TYPE = YES_ERROR;
				GCC_WARN_UNDECLARED_SELECTOR = YES;
				GCC_WARN_UNINITIALIZED_AUTOS = YES_AGGRESSIVE;
				GCC_WARN_UNUSED_FUNCTION = YES;
				GCC_WARN_UNUSED_VARIABLE = YES;
				IPHONEOS_DEPLOYMENT_TARGET = 15.2;
				MTL_ENABLE_DEBUG_INFO = NO;
				MTL_FAST_MATH = YES;
				SDKROOT = iphoneos;
				SWIFT_COMPILATION_MODE = wholemodule;
				SWIFT_OPTIMIZATION_LEVEL = "-O";
				VALIDATE_PRODUCT = YES;
			};
			name = Release;
		};
		9231DBDB29D611AB000D8E87 /* Debug */ = {
			isa = XCBuildConfiguration;
			buildSettings = {
				ASSETCATALOG_COMPILER_APPICON_NAME = AppIcon;
				ASSETCATALOG_COMPILER_GLOBAL_ACCENT_COLOR_NAME = AccentColor;
				CODE_SIGN_STYLE = Automatic;
				CURRENT_PROJECT_VERSION = 1;
				GENERATE_INFOPLIST_FILE = YES;
				INFOPLIST_FILE = F7/Info.plist;
				INFOPLIST_KEY_UIApplicationSupportsIndirectInputEvents = YES;
				INFOPLIST_KEY_UILaunchStoryboardName = LaunchScreen;
				INFOPLIST_KEY_UIMainStoryboardFile = Main;
				INFOPLIST_KEY_UISupportedInterfaceOrientations_iPad = "UIInterfaceOrientationPortrait UIInterfaceOrientationPortraitUpsideDown UIInterfaceOrientationLandscapeLeft UIInterfaceOrientationLandscapeRight";
				INFOPLIST_KEY_UISupportedInterfaceOrientations_iPhone = "UIInterfaceOrientationPortrait UIInterfaceOrientationLandscapeLeft UIInterfaceOrientationLandscapeRight";
				LD_RUNPATH_SEARCH_PATHS = (
					"$(inherited)",
					"@executable_path/Frameworks",
				);
				MARKETING_VERSION = 1.0;
				PRODUCT_BUNDLE_IDENTIFIER = akfa.F7;
				PRODUCT_NAME = "$(TARGET_NAME)";
				SWIFT_EMIT_LOC_STRINGS = YES;
				SWIFT_VERSION = 5.0;
				TARGETED_DEVICE_FAMILY = "1,2";
			};
			name = Debug;
		};
		9231DBDC29D611AB000D8E87 /* Release */ = {
			isa = XCBuildConfiguration;
			buildSettings = {
				ASSETCATALOG_COMPILER_APPICON_NAME = AppIcon;
				ASSETCATALOG_COMPILER_GLOBAL_ACCENT_COLOR_NAME = AccentColor;
				CODE_SIGN_STYLE = Automatic;
				CURRENT_PROJECT_VERSION = 1;
				GENERATE_INFOPLIST_FILE = YES;
				INFOPLIST_FILE = F7/Info.plist;
				INFOPLIST_KEY_UIApplicationSupportsIndirectInputEvents = YES;
				INFOPLIST_KEY_UILaunchStoryboardName = LaunchScreen;
				INFOPLIST_KEY_UIMainStoryboardFile = Main;
				INFOPLIST_KEY_UISupportedInterfaceOrientations_iPad = "UIInterfaceOrientationPortrait UIInterfaceOrientationPortraitUpsideDown UIInterfaceOrientationLandscapeLeft UIInterfaceOrientationLandscapeRight";
				INFOPLIST_KEY_UISupportedInterfaceOrientations_iPhone = "UIInterfaceOrientationPortrait UIInterfaceOrientationLandscapeLeft UIInterfaceOrientationLandscapeRight";
				LD_RUNPATH_SEARCH_PATHS = (
					"$(inherited)",
					"@executable_path/Frameworks",
				);
				MARKETING_VERSION = 1.0;
				PRODUCT_BUNDLE_IDENTIFIER = akfa.F7;
				PRODUCT_NAME = "$(TARGET_NAME)";
				SWIFT_EMIT_LOC_STRINGS = YES;
				SWIFT_VERSION = 5.0;
				TARGETED_DEVICE_FAMILY = "1,2";
			};
			name = Release;
		};
		9231DBDE29D611AB000D8E87 /* Debug */ = {
			isa = XCBuildConfiguration;
			buildSettings = {
				ALWAYS_EMBED_SWIFT_STANDARD_LIBRARIES = YES;
				BUNDLE_LOADER = "$(TEST_HOST)";
				CODE_SIGN_STYLE = Automatic;
				CURRENT_PROJECT_VERSION = 1;
				GENERATE_INFOPLIST_FILE = YES;
				IPHONEOS_DEPLOYMENT_TARGET = 15.2;
				MARKETING_VERSION = 1.0;
				PRODUCT_BUNDLE_IDENTIFIER = akfa.F7Tests;
				PRODUCT_NAME = "$(TARGET_NAME)";
				SWIFT_EMIT_LOC_STRINGS = NO;
				SWIFT_VERSION = 5.0;
				TARGETED_DEVICE_FAMILY = "1,2";
				TEST_HOST = "$(BUILT_PRODUCTS_DIR)/F7.app/F7";
			};
			name = Debug;
		};
		9231DBDF29D611AB000D8E87 /* Release */ = {
			isa = XCBuildConfiguration;
			buildSettings = {
				ALWAYS_EMBED_SWIFT_STANDARD_LIBRARIES = YES;
				BUNDLE_LOADER = "$(TEST_HOST)";
				CODE_SIGN_STYLE = Automatic;
				CURRENT_PROJECT_VERSION = 1;
				GENERATE_INFOPLIST_FILE = YES;
				IPHONEOS_DEPLOYMENT_TARGET = 15.2;
				MARKETING_VERSION = 1.0;
				PRODUCT_BUNDLE_IDENTIFIER = akfa.F7Tests;
				PRODUCT_NAME = "$(TARGET_NAME)";
				SWIFT_EMIT_LOC_STRINGS = NO;
				SWIFT_VERSION = 5.0;
				TARGETED_DEVICE_FAMILY = "1,2";
				TEST_HOST = "$(BUILT_PRODUCTS_DIR)/F7.app/F7";
			};
			name = Release;
		};
		9231DBE129D611AB000D8E87 /* Debug */ = {
			isa = XCBuildConfiguration;
			buildSettings = {
				ALWAYS_EMBED_SWIFT_STANDARD_LIBRARIES = YES;
				CODE_SIGN_STYLE = Automatic;
				CURRENT_PROJECT_VERSION = 1;
				GENERATE_INFOPLIST_FILE = YES;
				MARKETING_VERSION = 1.0;
				PRODUCT_BUNDLE_IDENTIFIER = akfa.F7UITests;
				PRODUCT_NAME = "$(TARGET_NAME)";
				SWIFT_EMIT_LOC_STRINGS = NO;
				SWIFT_VERSION = 5.0;
				TARGETED_DEVICE_FAMILY = "1,2";
				TEST_TARGET_NAME = F7;
			};
			name = Debug;
		};
		9231DBE229D611AB000D8E87 /* Release */ = {
			isa = XCBuildConfiguration;
			buildSettings = {
				ALWAYS_EMBED_SWIFT_STANDARD_LIBRARIES = YES;
				CODE_SIGN_STYLE = Automatic;
				CURRENT_PROJECT_VERSION = 1;
				GENERATE_INFOPLIST_FILE = YES;
				MARKETING_VERSION = 1.0;
				PRODUCT_BUNDLE_IDENTIFIER = akfa.F7UITests;
				PRODUCT_NAME = "$(TARGET_NAME)";
				SWIFT_EMIT_LOC_STRINGS = NO;
				SWIFT_VERSION = 5.0;
				TARGETED_DEVICE_FAMILY = "1,2";
				TEST_TARGET_NAME = F7;
			};
			name = Release;
		};
/* End XCBuildConfiguration section */

/* Begin XCConfigurationList section */
		9231DBAB29D611AA000D8E87 /* Build configuration list for PBXProject "F7" */ = {
			isa = XCConfigurationList;
			buildConfigurations = (
				9231DBD829D611AB000D8E87 /* Debug */,
				9231DBD929D611AB000D8E87 /* Release */,
			);
			defaultConfigurationIsVisible = 0;
			defaultConfigurationName = Release;
		};
		9231DBDA29D611AB000D8E87 /* Build configuration list for PBXNativeTarget "F7" */ = {
			isa = XCConfigurationList;
			buildConfigurations = (
				9231DBDB29D611AB000D8E87 /* Debug */,
				9231DBDC29D611AB000D8E87 /* Release */,
			);
			defaultConfigurationIsVisible = 0;
			defaultConfigurationName = Release;
		};
		9231DBDD29D611AB000D8E87 /* Build configuration list for PBXNativeTarget "F7Tests" */ = {
			isa = XCConfigurationList;
			buildConfigurations = (
				9231DBDE29D611AB000D8E87 /* Debug */,
				9231DBDF29D611AB000D8E87 /* Release */,
			);
			defaultConfigurationIsVisible = 0;
			defaultConfigurationName = Release;
		};
		9231DBE029D611AB000D8E87 /* Build configuration list for PBXNativeTarget "F7UITests" */ = {
			isa = XCConfigurationList;
			buildConfigurations = (
				9231DBE129D611AB000D8E87 /* Debug */,
				9231DBE229D611AB000D8E87 /* Release */,
			);
			defaultConfigurationIsVisible = 0;
			defaultConfigurationName = Release;
		};
/* End XCConfigurationList section */
	};
	rootObject = 9231DBA829D611AA000D8E87 /* Project object */;
}
